
Microsoft Visual Studio Solution File, Format Version 12.00
# Visual Studio Version 16
VisualStudioVersion = 16.0.29920.165
MinimumVisualStudioVersion = 10.0.40219.1
Project("{9A19103F-16F7-4668-BE54-9A1E7A4F7556}") = "ApiBase", "src\ApiBase.csproj", "{69ED6CF1-151F-4FE3-B86E-B31E490E0B1A}"
EndProject
Project("{FAE04EC0-301F-11D3-BF4B-00C04F79EFBC}") = "ApiBaseTest", "test\ApiBaseTest.csproj", "{AB534DBB-98D2-439F-BD15-7161B3EED098}"
EndProject
Global
	GlobalSection(SolutionConfigurationPlatforms) = preSolution
		Debug|Any CPU = Debug|Any CPU
		Debug|x64 = Debug|x64
		Debug|x86 = Debug|x86
		Release|Any CPU = Release|Any CPU
		Release|x64 = Release|x64
		Release|x86 = Release|x86
	EndGlobalSection
	GlobalSection(ProjectConfigurationPlatforms) = postSolution
		{69ED6CF1-151F-4FE3-B86E-B31E490E0B1A}.Debug|Any CPU.ActiveCfg = Debug|Any CPU
		{69ED6CF1-151F-4FE3-B86E-B31E490E0B1A}.Debug|Any CPU.Build.0 = Debug|Any CPU
		{69ED6CF1-151F-4FE3-B86E-B31E490E0B1A}.Debug|x64.ActiveCfg = Debug|Any CPU
		{69ED6CF1-151F-4FE3-B86E-B31E490E0B1A}.Debug|x64.Build.0 = Debug|Any CPU
		{69ED6CF1-151F-4FE3-B86E-B31E490E0B1A}.Debug|x86.ActiveCfg = Debug|Any CPU
		{69ED6CF1-151F-4FE3-B86E-B31E490E0B1A}.Debug|x86.Build.0 = Debug|Any CPU
		{69ED6CF1-151F-4FE3-B86E-B31E490E0B1A}.Release|Any CPU.ActiveCfg = Release|Any CPU
		{69ED6CF1-151F-4FE3-B86E-B31E490E0B1A}.Release|Any CPU.Build.0 = Release|Any CPU
		{69ED6CF1-151F-4FE3-B86E-B31E490E0B1A}.Release|x64.ActiveCfg = Release|Any CPU
		{69ED6CF1-151F-4FE3-B86E-B31E490E0B1A}.Release|x64.Build.0 = Release|Any CPU
		{69ED6CF1-151F-4FE3-B86E-B31E490E0B1A}.Release|x86.ActiveCfg = Release|Any CPU
		{69ED6CF1-151F-4FE3-B86E-B31E490E0B1A}.Release|x86.Build.0 = Release|Any CPU
		{52224491-ED6E-4B41-8FB6-EC003FD98748}.Debug|Any CPU.ActiveCfg = Debug|Any CPU
		{52224491-ED6E-4B41-8FB6-EC003FD98748}.Debug|Any CPU.Build.0 = Debug|Any CPU
		{52224491-ED6E-4B41-8FB6-EC003FD98748}.Debug|x64.ActiveCfg = Debug|Any CPU
		{52224491-ED6E-4B41-8FB6-EC003FD98748}.Debug|x64.Build.0 = Debug|Any CPU
		{52224491-ED6E-4B41-8FB6-EC003FD98748}.Debug|x86.ActiveCfg = Debug|Any CPU
		{52224491-ED6E-4B41-8FB6-EC003FD98748}.Debug|x86.Build.0 = Debug|Any CPU
		{52224491-ED6E-4B41-8FB6-EC003FD98748}.Release|Any CPU.ActiveCfg = Release|Any CPU
		{52224491-ED6E-4B41-8FB6-EC003FD98748}.Release|Any CPU.Build.0 = Release|Any CPU
		{52224491-ED6E-4B41-8FB6-EC003FD98748}.Release|x64.ActiveCfg = Release|Any CPU
		{52224491-ED6E-4B41-8FB6-EC003FD98748}.Release|x64.Build.0 = Release|Any CPU
		{52224491-ED6E-4B41-8FB6-EC003FD98748}.Release|x86.ActiveCfg = Release|Any CPU
		{52224491-ED6E-4B41-8FB6-EC003FD98748}.Release|x86.Build.0 = Release|Any CPU
		{AB534DBB-98D2-439F-BD15-7161B3EED098}.Debug|Any CPU.ActiveCfg = Debug|Any CPU
		{AB534DBB-98D2-439F-BD15-7161B3EED098}.Debug|Any CPU.Build.0 = Debug|Any CPU
		{AB534DBB-98D2-439F-BD15-7161B3EED098}.Debug|x64.ActiveCfg = Debug|Any CPU
		{AB534DBB-98D2-439F-BD15-7161B3EED098}.Debug|x64.Build.0 = Debug|Any CPU
		{AB534DBB-98D2-439F-BD15-7161B3EED098}.Debug|x86.ActiveCfg = Debug|Any CPU
		{AB534DBB-98D2-439F-BD15-7161B3EED098}.Debug|x86.Build.0 = Debug|Any CPU
		{AB534DBB-98D2-439F-BD15-7161B3EED098}.Release|Any CPU.ActiveCfg = Release|Any CPU
		{AB534DBB-98D2-439F-BD15-7161B3EED098}.Release|Any CPU.Build.0 = Release|Any CPU
		{AB534DBB-98D2-439F-BD15-7161B3EED098}.Release|x64.ActiveCfg = Release|Any CPU
		{AB534DBB-98D2-439F-BD15-7161B3EED098}.Release|x64.Build.0 = Release|Any CPU
		{AB534DBB-98D2-439F-BD15-7161B3EED098}.Release|x86.ActiveCfg = Release|Any CPU
		{AB534DBB-98D2-439F-BD15-7161B3EED098}.Release|x86.Build.0 = Release|Any CPU
	EndGlobalSection
	GlobalSection(SolutionProperties) = preSolution
		HideSolutionNode = FALSE
	EndGlobalSection
	GlobalSection(ExtensibilityGlobals) = postSolution
		SolutionGuid = {F4166402-D702-4C79-97D1-9FFE7AF8F23D}
	EndGlobalSection
EndGlobal
